
Microsoft Visual Studio Solution File, Format Version 12.00
Project("{FAE04EC0-301F-11D3-BF4B-00C04F79EFBC}") = "ConvertingTesting", "ConvertingTesting\ConvertingTesting.csproj", "{0A4EF404-61E0-449E-A8AF-F53369CD2077}"
EndProject
Project("{FAE04EC0-301F-11D3-BF4B-00C04F79EFBC}") = "ConvertTest", "ConvertTest\ConvertTest.csproj", "{91857B52-3E83-4E6E-87F6-34E88348B00E}"
EndProject
Global
	GlobalSection(SolutionConfigurationPlatforms) = preSolution
		Debug|Any CPU = Debug|Any CPU
		Release|Any CPU = Release|Any CPU
	EndGlobalSection
	GlobalSection(ProjectConfigurationPlatforms) = postSolution
		{0A4EF404-61E0-449E-A8AF-F53369CD2077}.Debug|Any CPU.ActiveCfg = Debug|Any CPU
		{0A4EF404-61E0-449E-A8AF-F53369CD2077}.Debug|Any CPU.Build.0 = Debug|Any CPU
		{0A4EF404-61E0-449E-A8AF-F53369CD2077}.Release|Any CPU.ActiveCfg = Release|Any CPU
		{0A4EF404-61E0-449E-A8AF-F53369CD2077}.Release|Any CPU.Build.0 = Release|Any CPU
		{91857B52-3E83-4E6E-87F6-34E88348B00E}.Debug|Any CPU.ActiveCfg = Debug|Any CPU
		{91857B52-3E83-4E6E-87F6-34E88348B00E}.Debug|Any CPU.Build.0 = Debug|Any CPU
		{91857B52-3E83-4E6E-87F6-34E88348B00E}.Release|Any CPU.ActiveCfg = Release|Any CPU
		{91857B52-3E83-4E6E-87F6-34E88348B00E}.Release|Any CPU.Build.0 = Release|Any CPU
	EndGlobalSection
EndGlobal
